
Microsoft Visual Studio Solution File, Format Version 12.00
# Visual Studio Version 17
VisualStudioVersion = 17.4.33213.308
MinimumVisualStudioVersion = 10.0.40219.1
Project("{9A19103F-16F7-4668-BE54-9A1E7A4F7556}") = "AM.ApplicationCore", "AM.ApplicationCore\AM.ApplicationCore.csproj", "{C553175C-9135-4B4C-B1D2-8AEDDF026922}"
EndProject
Project("{9A19103F-16F7-4668-BE54-9A1E7A4F7556}") = "AM.UI.Console", "AM.UI.ConsoleNew\AM.UI.Console.csproj", "{96CB1302-3D4E-4C75-818A-212C5E201C8D}"
EndProject
Project("{9A19103F-16F7-4668-BE54-9A1E7A4F7556}") = "AM.Infrastructure", "AM.Infrastructure\AM.Infrastructure.csproj", "{D1706E3E-BD5A-47F3-9167-A1DCBD80DC15}"
EndProject
Global
	GlobalSection(SolutionConfigurationPlatforms) = preSolution
		Debug|Any CPU = Debug|Any CPU
		Release|Any CPU = Release|Any CPU
	EndGlobalSection
	GlobalSection(ProjectConfigurationPlatforms) = postSolution
		{C553175C-9135-4B4C-B1D2-8AEDDF026922}.Debug|Any CPU.ActiveCfg = Debug|Any CPU
		{C553175C-9135-4B4C-B1D2-8AEDDF026922}.Debug|Any CPU.Build.0 = Debug|Any CPU
		{C553175C-9135-4B4C-B1D2-8AEDDF026922}.Release|Any CPU.ActiveCfg = Release|Any CPU
		{C553175C-9135-4B4C-B1D2-8AEDDF026922}.Release|Any CPU.Build.0 = Release|Any CPU
		{96CB1302-3D4E-4C75-818A-212C5E201C8D}.Debug|Any CPU.ActiveCfg = Debug|Any CPU
		{96CB1302-3D4E-4C75-818A-212C5E201C8D}.Debug|Any CPU.Build.0 = Debug|Any CPU
		{96CB1302-3D4E-4C75-818A-212C5E201C8D}.Release|Any CPU.ActiveCfg = Release|Any CPU
		{96CB1302-3D4E-4C75-818A-212C5E201C8D}.Release|Any CPU.Build.0 = Release|Any CPU
		{D1706E3E-BD5A-47F3-9167-A1DCBD80DC15}.Debug|Any CPU.ActiveCfg = Debug|Any CPU
		{D1706E3E-BD5A-47F3-9167-A1DCBD80DC15}.Debug|Any CPU.Build.0 = Debug|Any CPU
		{D1706E3E-BD5A-47F3-9167-A1DCBD80DC15}.Release|Any CPU.ActiveCfg = Release|Any CPU
		{D1706E3E-BD5A-47F3-9167-A1DCBD80DC15}.Release|Any CPU.Build.0 = Release|Any CPU
	EndGlobalSection
	GlobalSection(SolutionProperties) = preSolution
		HideSolutionNode = FALSE
	EndGlobalSection
	GlobalSection(ExtensibilityGlobals) = postSolution
		SolutionGuid = {46BF2548-224F-42C6-BB0D-4210D0C502ED}
	EndGlobalSection
EndGlobal
